// !$*UTF8*$!
{
	archiveVersion = 1;
	classes = {
	};
	objectVersion = 46;
	objects = {

/* Begin PBXBuildFile section */
		F52D63451C8C528700BDA92A /* main.m in Sources */ = {isa = PBXBuildFile; fileRef = F52D63441C8C528700BDA92A /* main.m */; };
		F52D63481C8C528700BDA92A /* AppDelegate.m in Sources */ = {isa = PBXBuildFile; fileRef = F52D63471C8C528700BDA92A /* AppDelegate.m */; };
		F52D634B1C8C528700BDA92A /* ViewController.m in Sources */ = {isa = PBXBuildFile; fileRef = F52D634A1C8C528700BDA92A /* ViewController.m */; };
		F52D634E1C8C528700BDA92A /* Main.storyboard in Resources */ = {isa = PBXBuildFile; fileRef = F52D634C1C8C528700BDA92A /* Main.storyboard */; };
		F52D63501C8C528700BDA92A /* Assets.xcassets in Resources */ = {isa = PBXBuildFile; fileRef = F52D634F1C8C528700BDA92A /* Assets.xcassets */; };
		F52D63531C8C528700BDA92A /* LaunchScreen.storyboard in Resources */ = {isa = PBXBuildFile; fileRef = F52D63511C8C528700BDA92A /* LaunchScreen.storyboard */; };
		F52D63611C8C530C00BDA92A /* www in Resources */ = {isa = PBXBuildFile; fileRef = F52D63601C8C530C00BDA92A /* www */; };
		F52D63631C8C534700BDA92A /* config.xml in Resources */ = {isa = PBXBuildFile; fileRef = F52D63621C8C534700BDA92A /* config.xml */; };
		F52D63661C8C535B00BDA92A /* libCordova.a in Frameworks */ = {isa = PBXBuildFile; fileRef = F52D635F1C8C52FC00BDA92A /* libCordova.a */; };
		F52D63711C8C541900BDA92A /* CDVCamera.m in Sources */ = {isa = PBXBuildFile; fileRef = F52D636B1C8C541900BDA92A /* CDVCamera.m */; };
		F52D63721C8C541900BDA92A /* CDVJpegHeaderWriter.m in Sources */ = {isa = PBXBuildFile; fileRef = F52D636E1C8C541900BDA92A /* CDVJpegHeaderWriter.m */; };
		F52D63731C8C541900BDA92A /* UIImage+CropScaleOrientation.m in Sources */ = {isa = PBXBuildFile; fileRef = F52D63701C8C541900BDA92A /* UIImage+CropScaleOrientation.m */; };
/* End PBXBuildFile section */

/* Begin PBXContainerItemProxy section */
		F52D635E1C8C52FC00BDA92A /* PBXContainerItemProxy */ = {
			isa = PBXContainerItemProxy;
			containerPortal = F52D635A1C8C52FC00BDA92A /* CordovaLib.xcodeproj */;
			proxyType = 2;
			remoteGlobalIDString = 68A32D7114102E1C006B237C;
			remoteInfo = CordovaLib;
		};
		F52D63641C8C535500BDA92A /* PBXContainerItemProxy */ = {
			isa = PBXContainerItemProxy;
			containerPortal = F52D635A1C8C52FC00BDA92A /* CordovaLib.xcodeproj */;
			proxyType = 1;
			remoteGlobalIDString = D2AAC07D0554694100DB518D;
			remoteInfo = CordovaLib;
		};
/* End PBXContainerItemProxy section */

/* Begin PBXFileReference section */
		F52D63401C8C528700BDA92A /* CordovaExample.app */ = {isa = PBXFileReference; explicitFileType = wrapper.application; includeInIndex = 0; path = CordovaExample.app; sourceTree = BUILT_PRODUCTS_DIR; };
		F52D63441C8C528700BDA92A /* main.m */ = {isa = PBXFileReference; lastKnownFileType = sourcecode.c.objc; path = main.m; sourceTree = "<group>"; };
		F52D63461C8C528700BDA92A /* AppDelegate.h */ = {isa = PBXFileReference; lastKnownFileType = sourcecode.c.h; path = AppDelegate.h; sourceTree = "<group>"; };
		F52D63471C8C528700BDA92A /* AppDelegate.m */ = {isa = PBXFileReference; lastKnownFileType = sourcecode.c.objc; path = AppDelegate.m; sourceTree = "<group>"; };
		F52D63491C8C528700BDA92A /* ViewController.h */ = {isa = PBXFileReference; lastKnownFileType = sourcecode.c.h; path = ViewController.h; sourceTree = "<group>"; };
		F52D634A1C8C528700BDA92A /* ViewController.m */ = {isa = PBXFileReference; lastKnownFileType = sourcecode.c.objc; path = ViewController.m; sourceTree = "<group>"; };
		F52D634D1C8C528700BDA92A /* Base */ = {isa = PBXFileReference; lastKnownFileType = file.storyboard; name = Base; path = Base.lproj/Main.storyboard; sourceTree = "<group>"; };
		F52D634F1C8C528700BDA92A /* Assets.xcassets */ = {isa = PBXFileReference; lastKnownFileType = folder.assetcatalog; path = Assets.xcassets; sourceTree = "<group>"; };
		F52D63521C8C528700BDA92A /* Base */ = {isa = PBXFileReference; lastKnownFileType = file.storyboard; name = Base; path = Base.lproj/LaunchScreen.storyboard; sourceTree = "<group>"; };
		F52D63541C8C528700BDA92A /* Info.plist */ = {isa = PBXFileReference; lastKnownFileType = text.plist.xml; path = Info.plist; sourceTree = "<group>"; };
		F52D635A1C8C52FC00BDA92A /* CordovaLib.xcodeproj */ = {isa = PBXFileReference; lastKnownFileType = "wrapper.pb-project"; name = CordovaLib.xcodeproj; path = CordovaLib/CordovaLib.xcodeproj; sourceTree = "<group>"; };
		F52D63601C8C530C00BDA92A /* www */ = {isa = PBXFileReference; lastKnownFileType = folder; path = www; sourceTree = "<group>"; };
		F52D63621C8C534700BDA92A /* config.xml */ = {isa = PBXFileReference; fileEncoding = 4; lastKnownFileType = text.xml; name = config.xml; path = CordovaExample/config.xml; sourceTree = "<group>"; };
		F52D636A1C8C541900BDA92A /* CDVCamera.h */ = {isa = PBXFileReference; fileEncoding = 4; lastKnownFileType = sourcecode.c.h; path = CDVCamera.h; sourceTree = "<group>"; };
		F52D636B1C8C541900BDA92A /* CDVCamera.m */ = {isa = PBXFileReference; fileEncoding = 4; lastKnownFileType = sourcecode.c.objc; path = CDVCamera.m; sourceTree = "<group>"; };
		F52D636C1C8C541900BDA92A /* CDVExif.h */ = {isa = PBXFileReference; fileEncoding = 4; lastKnownFileType = sourcecode.c.h; path = CDVExif.h; sourceTree = "<group>"; };
		F52D636D1C8C541900BDA92A /* CDVJpegHeaderWriter.h */ = {isa = PBXFileReference; fileEncoding = 4; lastKnownFileType = sourcecode.c.h; path = CDVJpegHeaderWriter.h; sourceTree = "<group>"; };
		F52D636E1C8C541900BDA92A /* CDVJpegHeaderWriter.m */ = {isa = PBXFileReference; fileEncoding = 4; lastKnownFileType = sourcecode.c.objc; path = CDVJpegHeaderWriter.m; sourceTree = "<group>"; };
		F52D636F1C8C541900BDA92A /* UIImage+CropScaleOrientation.h */ = {isa = PBXFileReference; fileEncoding = 4; lastKnownFileType = sourcecode.c.h; path = "UIImage+CropScaleOrientation.h"; sourceTree = "<group>"; };
		F52D63701C8C541900BDA92A /* UIImage+CropScaleOrientation.m */ = {isa = PBXFileReference; fileEncoding = 4; lastKnownFileType = sourcecode.c.objc; path = "UIImage+CropScaleOrientation.m"; sourceTree = "<group>"; };
/* End PBXFileReference section */

/* Begin PBXFrameworksBuildPhase section */
		F52D633D1C8C528700BDA92A /* Frameworks */ = {
			isa = PBXFrameworksBuildPhase;
			buildActionMask = 2147483647;
			files = (
				F52D63661C8C535B00BDA92A /* libCordova.a in Frameworks */,
			);
			runOnlyForDeploymentPostprocessing = 0;
		};
/* End PBXFrameworksBuildPhase section */

/* Begin PBXGroup section */
		F52D63371C8C528700BDA92A = {
			isa = PBXGroup;
			children = (
				F52D63621C8C534700BDA92A /* config.xml */,
				F52D63601C8C530C00BDA92A /* www */,
				F52D635A1C8C52FC00BDA92A /* CordovaLib.xcodeproj */,
				F52D63421C8C528700BDA92A /* CordovaExample */,
				F52D63411C8C528700BDA92A /* Products */,
			);
			sourceTree = "<group>";
		};
		F52D63411C8C528700BDA92A /* Products */ = {
			isa = PBXGroup;
			children = (
				F52D63401C8C528700BDA92A /* CordovaExample.app */,
			);
			name = Products;
			sourceTree = "<group>";
		};
		F52D63421C8C528700BDA92A /* CordovaExample */ = {
			isa = PBXGroup;
			children = (
				F52D63691C8C541900BDA92A /* Plugins */,
				F52D63461C8C528700BDA92A /* AppDelegate.h */,
				F52D63471C8C528700BDA92A /* AppDelegate.m */,
				F52D63491C8C528700BDA92A /* ViewController.h */,
				F52D634A1C8C528700BDA92A /* ViewController.m */,
				F52D634C1C8C528700BDA92A /* Main.storyboard */,
				F52D634F1C8C528700BDA92A /* Assets.xcassets */,
				F52D63511C8C528700BDA92A /* LaunchScreen.storyboard */,
				F52D63541C8C528700BDA92A /* Info.plist */,
				F52D63431C8C528700BDA92A /* Supporting Files */,
			);
			path = CordovaExample;
			sourceTree = "<group>";
		};
		F52D63431C8C528700BDA92A /* Supporting Files */ = {
			isa = PBXGroup;
			children = (
				F52D63441C8C528700BDA92A /* main.m */,
			);
			name = "Supporting Files";
			sourceTree = "<group>";
		};
		F52D635B1C8C52FC00BDA92A /* Products */ = {
			isa = PBXGroup;
			children = (
				F52D635F1C8C52FC00BDA92A /* libCordova.a */,
			);
			name = Products;
			sourceTree = "<group>";
		};
		F52D63691C8C541900BDA92A /* Plugins */ = {
			isa = PBXGroup;
			children = (
				F52D636A1C8C541900BDA92A /* CDVCamera.h */,
				F52D636B1C8C541900BDA92A /* CDVCamera.m */,
				F52D636C1C8C541900BDA92A /* CDVExif.h */,
				F52D636D1C8C541900BDA92A /* CDVJpegHeaderWriter.h */,
				F52D636E1C8C541900BDA92A /* CDVJpegHeaderWriter.m */,
				F52D636F1C8C541900BDA92A /* UIImage+CropScaleOrientation.h */,
				F52D63701C8C541900BDA92A /* UIImage+CropScaleOrientation.m */,
			);
			path = Plugins;
			sourceTree = "<group>";
		};
/* End PBXGroup section */

/* Begin PBXNativeTarget section */
		F52D633F1C8C528700BDA92A /* CordovaExample */ = {
			isa = PBXNativeTarget;
			buildConfigurationList = F52D63571C8C528700BDA92A /* Build configuration list for PBXNativeTarget "CordovaExample" */;
			buildPhases = (
				F52D633C1C8C528700BDA92A /* Sources */,
				F52D633D1C8C528700BDA92A /* Frameworks */,
				F52D633E1C8C528700BDA92A /* Resources */,
				F52D63671C8C536000BDA92A /* Copy www directory */,
			);
			buildRules = (
			);
			dependencies = (
				F52D63651C8C535500BDA92A /* PBXTargetDependency */,
			);
			name = CordovaExample;
			productName = CordovaExample;
			productReference = F52D63401C8C528700BDA92A /* CordovaExample.app */;
			productType = "com.apple.product-type.application";
		};
/* End PBXNativeTarget section */

/* Begin PBXProject section */
		F52D63381C8C528700BDA92A /* Project object */ = {
			isa = PBXProject;
			attributes = {
				LastUpgradeCheck = 0720;
				ORGANIZATIONNAME = iwevon;
				TargetAttributes = {
					F52D633F1C8C528700BDA92A = {
						CreatedOnToolsVersion = 7.2.1;
					};
				};
			};
			buildConfigurationList = F52D633B1C8C528700BDA92A /* Build configuration list for PBXProject "CordovaExample" */;
			compatibilityVersion = "Xcode 3.2";
			developmentRegion = English;
			hasScannedForEncodings = 0;
			knownRegions = (
				en,
				Base,
			);
			mainGroup = F52D63371C8C528700BDA92A;
			productRefGroup = F52D63411C8C528700BDA92A /* Products */;
			projectDirPath = "";
			projectReferences = (
				{
					ProductGroup = F52D635B1C8C52FC00BDA92A /* Products */;
					ProjectRef = F52D635A1C8C52FC00BDA92A /* CordovaLib.xcodeproj */;
				},
			);
			projectRoot = "";
			targets = (
				F52D633F1C8C528700BDA92A /* CordovaExample */,
			);
		};
/* End PBXProject section */

/* Begin PBXReferenceProxy section */
		F52D635F1C8C52FC00BDA92A /* libCordova.a */ = {
			isa = PBXReferenceProxy;
			fileType = archive.ar;
			path = libCordova.a;
			remoteRef = F52D635E1C8C52FC00BDA92A /* PBXContainerItemProxy */;
			sourceTree = BUILT_PRODUCTS_DIR;
		};
/* End PBXReferenceProxy section */

/* Begin PBXResourcesBuildPhase section */
		F52D633E1C8C528700BDA92A /* Resources */ = {
			isa = PBXResourcesBuildPhase;
			buildActionMask = 2147483647;
			files = (
				F52D63611C8C530C00BDA92A /* www in Resources */,
				F52D63531C8C528700BDA92A /* LaunchScreen.storyboard in Resources */,
				F52D63501C8C528700BDA92A /* Assets.xcassets in Resources */,
				F52D634E1C8C528700BDA92A /* Main.storyboard in Resources */,
				F52D63631C8C534700BDA92A /* config.xml in Resources */,
			);
			runOnlyForDeploymentPostprocessing = 0;
		};
/* End PBXResourcesBuildPhase section */

/* Begin PBXShellScriptBuildPhase section */
		F52D63671C8C536000BDA92A /* Copy www directory */ = {
			isa = PBXShellScriptBuildPhase;
			buildActionMask = 2147483647;
			files = (
			);
			inputPaths = (
			);
			name = "Copy www directory";
			outputPaths = (
			);
			runOnlyForDeploymentPostprocessing = 0;
			shellPath = /bin/sh;
			shellScript = "NODEJS_PATH=/usr/local/bin; NVM_NODE_PATH=~/.nvm/versions/node/`nvm version 2>/dev/null`/bin; N_NODE_PATH=`find /usr/local/n/versions/node/* -maxdepth 0 -type d 2>/dev/null | tail -1`/bin; XCODE_NODE_PATH=`xcode-select --print-path`/usr/share/xcs/Node/bin; PATH=$NODEJS_PATH:$NVM_NODE_PATH:$N_NODE_PATH:$XCODE_NODE_PATH:$PATH && node cordova/lib/copy-www-build-step.js";
			showEnvVarsInLog = 0;
		};
/* End PBXShellScriptBuildPhase section */

/* Begin PBXSourcesBuildPhase section */
		F52D633C1C8C528700BDA92A /* Sources */ = {
			isa = PBXSourcesBuildPhase;
			buildActionMask = 2147483647;
			files = (
				F52D63721C8C541900BDA92A /* CDVJpegHeaderWriter.m in Sources */,
				F52D63731C8C541900BDA92A /* UIImage+CropScaleOrientation.m in Sources */,
				F52D63711C8C541900BDA92A /* CDVCamera.m in Sources */,
				F52D634B1C8C528700BDA92A /* ViewController.m in Sources */,
				F52D63481C8C528700BDA92A /* AppDelegate.m in Sources */,
				F52D63451C8C528700BDA92A /* main.m in Sources */,
			);
			runOnlyForDeploymentPostprocessing = 0;
		};
/* End PBXSourcesBuildPhase section */

/* Begin PBXTargetDependency section */
		F52D63651C8C535500BDA92A /* PBXTargetDependency */ = {
			isa = PBXTargetDependency;
			name = CordovaLib;
			targetProxy = F52D63641C8C535500BDA92A /* PBXContainerItemProxy */;
		};
/* End PBXTargetDependency section */

/* Begin PBXVariantGroup section */
		F52D634C1C8C528700BDA92A /* Main.storyboard */ = {
			isa = PBXVariantGroup;
			children = (
				F52D634D1C8C528700BDA92A /* Base */,
			);
			name = Main.storyboard;
			sourceTree = "<group>";
		};
		F52D63511C8C528700BDA92A /* LaunchScreen.storyboard */ = {
			isa = PBXVariantGroup;
			children = (
				F52D63521C8C528700BDA92A /* Base */,
			);
			name = LaunchScreen.storyboard;
			sourceTree = "<group>";
		};
/* End PBXVariantGroup section */

/* Begin XCBuildConfiguration section */
		F52D63551C8C528700BDA92A /* Debug */ = {
			isa = XCBuildConfiguration;
			buildSettings = {
				ALWAYS_SEARCH_USER_PATHS = NO;
				CLANG_CXX_LANGUAGE_STANDARD = "gnu++0x";
				CLANG_CXX_LIBRARY = "libc++";
				CLANG_ENABLE_MODULES = YES;
				CLANG_ENABLE_OBJC_ARC = YES;
				CLANG_WARN_BOOL_CONVERSION = YES;
				CLANG_WARN_CONSTANT_CONVERSION = YES;
				CLANG_WARN_DIRECT_OBJC_ISA_USAGE = YES_ERROR;
				CLANG_WARN_EMPTY_BODY = YES;
				CLANG_WARN_ENUM_CONVERSION = YES;
				CLANG_WARN_INT_CONVERSION = YES;
				CLANG_WARN_OBJC_ROOT_CLASS = YES_ERROR;
				CLANG_WARN_UNREACHABLE_CODE = YES;
				CLANG_WARN__DUPLICATE_METHOD_MATCH = YES;
				"CODE_SIGN_IDENTITY[sdk=iphoneos*]" = "iPhone Developer";
				COPY_PHASE_STRIP = NO;
				DEBUG_INFORMATION_FORMAT = dwarf;
				ENABLE_STRICT_OBJC_MSGSEND = YES;
				ENABLE_TESTABILITY = YES;
				GCC_C_LANGUAGE_STANDARD = gnu99;
				GCC_DYNAMIC_NO_PIC = NO;
				GCC_NO_COMMON_BLOCKS = YES;
				GCC_OPTIMIZATION_LEVEL = 0;
				GCC_PREPROCESSOR_DEFINITIONS = (
					"DEBUG=1",
					"$(inherited)",
				);
				GCC_WARN_64_TO_32_BIT_CONVERSION = YES;
				GCC_WARN_ABOUT_RETURN_TYPE = YES_ERROR;
				GCC_WARN_UNDECLARED_SELECTOR = YES;
				GCC_WARN_UNINITIALIZED_AUTOS = YES_AGGRESSIVE;
				GCC_WARN_UNUSED_FUNCTION = YES;
				GCC_WARN_UNUSED_VARIABLE = YES;
				IPHONEOS_DEPLOYMENT_TARGET = 9.2;
				MTL_ENABLE_DEBUG_INFO = YES;
				ONLY_ACTIVE_ARCH = YES;
				SDKROOT = iphoneos;
			};
			name = Debug;
		};
		F52D63561C8C528700BDA92A /* Release */ = {
			isa = XCBuildConfiguration;
			buildSettings = {
				ALWAYS_SEARCH_USER_PATHS = NO;
				CLANG_CXX_LANGUAGE_STANDARD = "gnu++0x";
				CLANG_CXX_LIBRARY = "libc++";
				CLANG_ENABLE_MODULES = YES;
				CLANG_ENABLE_OBJC_ARC = YES;
				CLANG_WARN_BOOL_CONVERSION = YES;
				CLANG_WARN_CONSTANT_CONVERSION = YES;
				CLANG_WARN_DIRECT_OBJC_ISA_USAGE = YES_ERROR;
				CLANG_WARN_EMPTY_BODY = YES;
				CLANG_WARN_ENUM_CONVERSION = YES;
				CLANG_WARN_INT_CONVERSION = YES;
				CLANG_WARN_OBJC_ROOT_CLASS = YES_ERROR;
				CLANG_WARN_UNREACHABLE_CODE = YES;
				CLANG_WARN__DUPLICATE_METHOD_MATCH = YES;
				"CODE_SIGN_IDENTITY[sdk=iphoneos*]" = "iPhone Developer";
				COPY_PHASE_STRIP = NO;
				DEBUG_INFORMATION_FORMAT = "dwarf-with-dsym";
				ENABLE_NS_ASSERTIONS = NO;
				ENABLE_STRICT_OBJC_MSGSEND = YES;
				GCC_C_LANGUAGE_STANDARD = gnu99;
				GCC_NO_COMMON_BLOCKS = YES;
				GCC_WARN_64_TO_32_BIT_CONVERSION = YES;
				GCC_WARN_ABOUT_RETURN_TYPE = YES_ERROR;
				GCC_WARN_UNDECLARED_SELECTOR = YES;
				GCC_WARN_UNINITIALIZED_AUTOS = YES_AGGRESSIVE;
				GCC_WARN_UNUSED_FUNCTION = YES;
				GCC_WARN_UNUSED_VARIABLE = YES;
				IPHONEOS_DEPLOYMENT_TARGET = 9.2;
				MTL_ENABLE_DEBUG_INFO = NO;
				SDKROOT = iphoneos;
				VALIDATE_PRODUCT = YES;
			};
			name = Release;
		};
		F52D63581C8C528700BDA92A /* Debug */ = {
			isa = XCBuildConfiguration;
			buildSettings = {
				ASSETCATALOG_COMPILER_APPICON_NAME = AppIcon;
				INFOPLIST_FILE = CordovaExample/Info.plist;
				LD_RUNPATH_SEARCH_PATHS = "$(inherited) @executable_path/Frameworks";
				OTHER_LDFLAGS = (
					"-all_load",
					"-ObjC",
				);
				PRODUCT_BUNDLE_IDENTIFIER = iwevon.CordovaExample;
				PRODUCT_NAME = "$(TARGET_NAME)";
			};
			name = Debug;
		};
		F52D63591C8C528700BDA92A /* Release */ = {
			isa = XCBuildConfiguration;
			buildSettings = {
				ASSETCATALOG_COMPILER_APPICON_NAME = AppIcon;
				INFOPLIST_FILE = CordovaExample/Info.plist;
				LD_RUNPATH_SEARCH_PATHS = "$(inherited) @executable_path/Frameworks";
				OTHER_LDFLAGS = (
					"-all_load",
					"-ObjC",
				);
				PRODUCT_BUNDLE_IDENTIFIER = iwevon.CordovaExample;
				PRODUCT_NAME = "$(TARGET_NAME)";
			};
			name = Release;
		};
/* End XCBuildConfiguration section */

/* Begin XCConfigurationList section */
		F52D633B1C8C528700BDA92A /* Build configuration list for PBXProject "CordovaExample" */ = {
			isa = XCConfigurationList;
			buildConfigurations = (
				F52D63551C8C528700BDA92A /* Debug */,
				F52D63561C8C528700BDA92A /* Release */,
			);
			defaultConfigurationIsVisible = 0;
			defaultConfigurationName = Release;
		};
		F52D63571C8C528700BDA92A /* Build configuration list for PBXNativeTarget "CordovaExample" */ = {
			isa = XCConfigurationList;
			buildConfigurations = (
				F52D63581C8C528700BDA92A /* Debug */,
				F52D63591C8C528700BDA92A /* Release */,
			);
			defaultConfigurationIsVisible = 0;
			defaultConfigurationName = Release;
		};
/* End XCConfigurationList section */
	};
	rootObject = F52D63381C8C528700BDA92A /* Project object */;
}
